<?xml version="1.0" encoding="utf-8"?>
<Project ToolsVersion="17.0" xmlns="http://schemas.microsoft.com/developer/msbuild/2003">
  <ItemGroup>
    <ClCompile Include="C:\Users\hs505\miniprojcts\final project\native_extension\native_extension.cpp">
      <Filter>Source Files</Filter>
    </ClCompile>
  </ItemGroup>
  <ItemGroup>
    <CustomBuild Include="C:\Users\hs505\miniprojcts\final project\native_extension\CMakeLists.txt" />
  </ItemGroup>
  <ItemGroup>
    <Filter Include="Source Files">
      <UniqueIdentifier>{E04B075B-F7E7-3394-A9A4-993D60CD18F6}</UniqueIdentifier>
    </Filter>
  </ItemGroup>
</Project>
